
Microsoft Visual Studio Solution File, Format Version 12.00
# Visual Studio 15
VisualStudioVersion = 15.0.26730.10
MinimumVisualStudioVersion = 10.0.40219.1

Project("{6EC3EE1D-3C4E-46DD-8F32-0CC8E7565705}") = "MultiApp", "MultiApp\MultiApp.fsproj", "{677B86A0-5648-47C4-9D33-37A4AD864196}"
EndProject

Project("{F2A71F9B-5D33-465A-A702-920D77279786}") = "MultiApp.Android", "MultiApp.Android\MultiApp.Android.fsproj", "{0ABFD5B1-80E9-41FE-8BF9-BA03B12089D2}"
EndProject






Global
	GlobalSection(SolutionConfigurationPlatforms) = preSolution
		Ad-Hoc|Any CPU = Ad-Hoc|Any CPU
		Ad-Hoc|ARM = Ad-Hoc|ARM
		Ad-Hoc|iPhone = Ad-Hoc|iPhone
		Ad-Hoc|iPhoneSimulator = Ad-Hoc|iPhoneSimulator
		Ad-Hoc|x64 = Ad-Hoc|x64
		Ad-Hoc|x86 = Ad-Hoc|x86
		AppStore|Any CPU = AppStore|Any CPU
		AppStore|ARM = AppStore|ARM
		AppStore|iPhone = AppStore|iPhone
		AppStore|iPhoneSimulator = AppStore|iPhoneSimulator
		AppStore|x64 = AppStore|x64
		AppStore|x86 = AppStore|x86
		Debug|Any CPU = Debug|Any CPU
		Debug|ARM = Debug|ARM
		Debug|iPhone = Debug|iPhone
		Debug|iPhoneSimulator = Debug|iPhoneSimulator
		Debug|x64 = Debug|x64
		Debug|x86 = Debug|x86
		Release|Any CPU = Release|Any CPU
		Release|ARM = Release|ARM
		Release|iPhone = Release|iPhone
		Release|iPhoneSimulator = Release|iPhoneSimulator
		Release|x64 = Release|x64
		Release|x86 = Release|x86
	EndGlobalSection
	GlobalSection(ProjectConfigurationPlatforms) = postSolution
		{677B86A0-5648-47C4-9D33-37A4AD864196}.Ad-Hoc|Any CPU.ActiveCfg = Debug|Any CPU
		{677B86A0-5648-47C4-9D33-37A4AD864196}.Ad-Hoc|Any CPU.Build.0 = Debug|Any CPU
		{677B86A0-5648-47C4-9D33-37A4AD864196}.Ad-Hoc|ARM.ActiveCfg = Debug|Any CPU
		{677B86A0-5648-47C4-9D33-37A4AD864196}.Ad-Hoc|ARM.Build.0 = Debug|Any CPU
		{677B86A0-5648-47C4-9D33-37A4AD864196}.Ad-Hoc|iPhone.ActiveCfg = Debug|Any CPU
		{677B86A0-5648-47C4-9D33-37A4AD864196}.Ad-Hoc|iPhone.Build.0 = Debug|Any CPU
		{677B86A0-5648-47C4-9D33-37A4AD864196}.Ad-Hoc|iPhoneSimulator.ActiveCfg = Debug|Any CPU
		{677B86A0-5648-47C4-9D33-37A4AD864196}.Ad-Hoc|iPhoneSimulator.Build.0 = Debug|Any CPU
		{677B86A0-5648-47C4-9D33-37A4AD864196}.Ad-Hoc|x64.ActiveCfg = Debug|Any CPU
		{677B86A0-5648-47C4-9D33-37A4AD864196}.Ad-Hoc|x64.Build.0 = Debug|Any CPU
		{677B86A0-5648-47C4-9D33-37A4AD864196}.Ad-Hoc|x86.ActiveCfg = Debug|Any CPU
		{677B86A0-5648-47C4-9D33-37A4AD864196}.Ad-Hoc|x86.Build.0 = Debug|Any CPU
		{677B86A0-5648-47C4-9D33-37A4AD864196}.AppStore|Any CPU.ActiveCfg = Debug|Any CPU
		{677B86A0-5648-47C4-9D33-37A4AD864196}.AppStore|Any CPU.Build.0 = Debug|Any CPU
		{677B86A0-5648-47C4-9D33-37A4AD864196}.AppStore|ARM.ActiveCfg = Debug|Any CPU
		{677B86A0-5648-47C4-9D33-37A4AD864196}.AppStore|ARM.Build.0 = Debug|Any CPU
		{677B86A0-5648-47C4-9D33-37A4AD864196}.AppStore|iPhone.ActiveCfg = Debug|Any CPU
		{677B86A0-5648-47C4-9D33-37A4AD864196}.AppStore|iPhone.Build.0 = Debug|Any CPU
		{677B86A0-5648-47C4-9D33-37A4AD864196}.AppStore|iPhoneSimulator.ActiveCfg = Debug|Any CPU
		{677B86A0-5648-47C4-9D33-37A4AD864196}.AppStore|iPhoneSimulator.Build.0 = Debug|Any CPU
		{677B86A0-5648-47C4-9D33-37A4AD864196}.AppStore|x64.ActiveCfg = Debug|Any CPU
		{677B86A0-5648-47C4-9D33-37A4AD864196}.AppStore|x64.Build.0 = Debug|Any CPU
		{677B86A0-5648-47C4-9D33-37A4AD864196}.AppStore|x86.ActiveCfg = Debug|Any CPU
		{677B86A0-5648-47C4-9D33-37A4AD864196}.AppStore|x86.Build.0 = Debug|Any CPU
		{677B86A0-5648-47C4-9D33-37A4AD864196}.Debug|Any CPU.ActiveCfg = Debug|Any CPU
		{677B86A0-5648-47C4-9D33-37A4AD864196}.Debug|Any CPU.Build.0 = Debug|Any CPU
		{677B86A0-5648-47C4-9D33-37A4AD864196}.Debug|ARM.ActiveCfg = Debug|Any CPU
		{677B86A0-5648-47C4-9D33-37A4AD864196}.Debug|ARM.Build.0 = Debug|Any CPU
		{677B86A0-5648-47C4-9D33-37A4AD864196}.Debug|iPhone.ActiveCfg = Debug|Any CPU
		{677B86A0-5648-47C4-9D33-37A4AD864196}.Debug|iPhone.Build.0 = Debug|Any CPU
		{677B86A0-5648-47C4-9D33-37A4AD864196}.Debug|iPhoneSimulator.ActiveCfg = Debug|Any CPU
		{677B86A0-5648-47C4-9D33-37A4AD864196}.Debug|iPhoneSimulator.Build.0 = Debug|Any CPU
		{677B86A0-5648-47C4-9D33-37A4AD864196}.Debug|x64.ActiveCfg = Debug|Any CPU
		{677B86A0-5648-47C4-9D33-37A4AD864196}.Debug|x64.Build.0 = Debug|Any CPU
		{677B86A0-5648-47C4-9D33-37A4AD864196}.Debug|x86.ActiveCfg = Debug|Any CPU
		{677B86A0-5648-47C4-9D33-37A4AD864196}.Debug|x86.Build.0 = Debug|Any CPU
		{677B86A0-5648-47C4-9D33-37A4AD864196}.Release|Any CPU.ActiveCfg = Release|Any CPU
		{677B86A0-5648-47C4-9D33-37A4AD864196}.Release|Any CPU.Build.0 = Release|Any CPU
		{677B86A0-5648-47C4-9D33-37A4AD864196}.Release|ARM.ActiveCfg = Release|Any CPU
		{677B86A0-5648-47C4-9D33-37A4AD864196}.Release|ARM.Build.0 = Release|Any CPU
		{677B86A0-5648-47C4-9D33-37A4AD864196}.Release|iPhone.ActiveCfg = Release|Any CPU
		{677B86A0-5648-47C4-9D33-37A4AD864196}.Release|iPhone.Build.0 = Release|Any CPU
		{677B86A0-5648-47C4-9D33-37A4AD864196}.Release|iPhoneSimulator.ActiveCfg = Release|Any CPU
		{677B86A0-5648-47C4-9D33-37A4AD864196}.Release|iPhoneSimulator.Build.0 = Release|Any CPU
		{677B86A0-5648-47C4-9D33-37A4AD864196}.Release|x64.ActiveCfg = Release|Any CPU
		{677B86A0-5648-47C4-9D33-37A4AD864196}.Release|x64.Build.0 = Release|Any CPU
		{677B86A0-5648-47C4-9D33-37A4AD864196}.Release|x86.ActiveCfg = Release|Any CPU
		{677B86A0-5648-47C4-9D33-37A4AD864196}.Release|x86.Build.0 = Release|Any CPU
		{B1EB4B7E-55EE-483C-ABF2-F7C188B0A798}.Ad-Hoc|Any CPU.ActiveCfg = Ad-Hoc|iPhone
		{B1EB4B7E-55EE-483C-ABF2-F7C188B0A798}.Ad-Hoc|ARM.ActiveCfg = Ad-Hoc|iPhone
		{B1EB4B7E-55EE-483C-ABF2-F7C188B0A798}.Ad-Hoc|iPhone.ActiveCfg = Ad-Hoc|iPhone
		{B1EB4B7E-55EE-483C-ABF2-F7C188B0A798}.Ad-Hoc|iPhone.Build.0 = Ad-Hoc|iPhone
		{B1EB4B7E-55EE-483C-ABF2-F7C188B0A798}.Ad-Hoc|iPhoneSimulator.ActiveCfg = Ad-Hoc|iPhoneSimulator
		{B1EB4B7E-55EE-483C-ABF2-F7C188B0A798}.Ad-Hoc|iPhoneSimulator.Build.0 = Ad-Hoc|iPhoneSimulator
		{B1EB4B7E-55EE-483C-ABF2-F7C188B0A798}.Ad-Hoc|x64.ActiveCfg = Ad-Hoc|iPhone
		{B1EB4B7E-55EE-483C-ABF2-F7C188B0A798}.Ad-Hoc|x86.ActiveCfg = Ad-Hoc|iPhone
		{B1EB4B7E-55EE-483C-ABF2-F7C188B0A798}.AppStore|Any CPU.ActiveCfg = AppStore|iPhone
		{B1EB4B7E-55EE-483C-ABF2-F7C188B0A798}.AppStore|ARM.ActiveCfg = AppStore|iPhone
		{B1EB4B7E-55EE-483C-ABF2-F7C188B0A798}.AppStore|iPhone.ActiveCfg = AppStore|iPhone
		{B1EB4B7E-55EE-483C-ABF2-F7C188B0A798}.AppStore|iPhone.Build.0 = AppStore|iPhone
		{B1EB4B7E-55EE-483C-ABF2-F7C188B0A798}.AppStore|iPhoneSimulator.ActiveCfg = AppStore|iPhoneSimulator
		{B1EB4B7E-55EE-483C-ABF2-F7C188B0A798}.AppStore|iPhoneSimulator.Build.0 = AppStore|iPhoneSimulator
		{B1EB4B7E-55EE-483C-ABF2-F7C188B0A798}.AppStore|x64.ActiveCfg = AppStore|iPhone
		{B1EB4B7E-55EE-483C-ABF2-F7C188B0A798}.AppStore|x86.ActiveCfg = AppStore|iPhone
		{B1EB4B7E-55EE-483C-ABF2-F7C188B0A798}.Debug|Any CPU.ActiveCfg = Debug|iPhone
		{B1EB4B7E-55EE-483C-ABF2-F7C188B0A798}.Debug|ARM.ActiveCfg = Debug|iPhone
		{B1EB4B7E-55EE-483C-ABF2-F7C188B0A798}.Debug|iPhone.ActiveCfg = Debug|iPhone
		{B1EB4B7E-55EE-483C-ABF2-F7C188B0A798}.Debug|iPhone.Build.0 = Debug|iPhone
		{B1EB4B7E-55EE-483C-ABF2-F7C188B0A798}.Debug|iPhoneSimulator.ActiveCfg = Debug|iPhoneSimulator
		{B1EB4B7E-55EE-483C-ABF2-F7C188B0A798}.Debug|iPhoneSimulator.Build.0 = Debug|iPhoneSimulator
		{B1EB4B7E-55EE-483C-ABF2-F7C188B0A798}.Debug|x64.ActiveCfg = Debug|iPhone
		{B1EB4B7E-55EE-483C-ABF2-F7C188B0A798}.Debug|x86.ActiveCfg = Debug|iPhone
		{B1EB4B7E-55EE-483C-ABF2-F7C188B0A798}.Release|Any CPU.ActiveCfg = Release|iPhone
		{B1EB4B7E-55EE-483C-ABF2-F7C188B0A798}.Release|ARM.ActiveCfg = Release|iPhone
		{B1EB4B7E-55EE-483C-ABF2-F7C188B0A798}.Release|iPhone.ActiveCfg = Release|iPhone
		{B1EB4B7E-55EE-483C-ABF2-F7C188B0A798}.Release|iPhone.Build.0 = Release|iPhone
		{B1EB4B7E-55EE-483C-ABF2-F7C188B0A798}.Release|iPhoneSimulator.ActiveCfg = Release|iPhoneSimulator
		{B1EB4B7E-55EE-483C-ABF2-F7C188B0A798}.Release|iPhoneSimulator.Build.0 = Release|iPhoneSimulator
		{B1EB4B7E-55EE-483C-ABF2-F7C188B0A798}.Release|x64.ActiveCfg = Release|iPhone
		{B1EB4B7E-55EE-483C-ABF2-F7C188B0A798}.Release|x86.ActiveCfg = Release|iPhone
		{A0FE48B4-A6D3-40AF-9832-7C808C779684}.Ad-Hoc|Any CPU.ActiveCfg = Release|x86
		{A0FE48B4-A6D3-40AF-9832-7C808C779684}.Ad-Hoc|Any CPU.Build.0 = Release|x86
		{A0FE48B4-A6D3-40AF-9832-7C808C779684}.Ad-Hoc|Any CPU.Deploy.0 = Release|x86
		{A0FE48B4-A6D3-40AF-9832-7C808C779684}.Ad-Hoc|ARM.ActiveCfg = Release|ARM
		{A0FE48B4-A6D3-40AF-9832-7C808C779684}.Ad-Hoc|ARM.Build.0 = Release|ARM
		{A0FE48B4-A6D3-40AF-9832-7C808C779684}.Ad-Hoc|ARM.Deploy.0 = Release|ARM
		{A0FE48B4-A6D3-40AF-9832-7C808C779684}.Ad-Hoc|iPhone.ActiveCfg = Release|x86
		{A0FE48B4-A6D3-40AF-9832-7C808C779684}.Ad-Hoc|iPhone.Build.0 = Release|x86
		{A0FE48B4-A6D3-40AF-9832-7C808C779684}.Ad-Hoc|iPhone.Deploy.0 = Release|x86
		{A0FE48B4-A6D3-40AF-9832-7C808C779684}.Ad-Hoc|iPhoneSimulator.ActiveCfg = Release|x86
		{A0FE48B4-A6D3-40AF-9832-7C808C779684}.Ad-Hoc|iPhoneSimulator.Build.0 = Release|x86
		{A0FE48B4-A6D3-40AF-9832-7C808C779684}.Ad-Hoc|iPhoneSimulator.Deploy.0 = Release|x86
		{A0FE48B4-A6D3-40AF-9832-7C808C779684}.Ad-Hoc|x64.ActiveCfg = Release|x64
		{A0FE48B4-A6D3-40AF-9832-7C808C779684}.Ad-Hoc|x64.Build.0 = Release|x64
		{A0FE48B4-A6D3-40AF-9832-7C808C779684}.Ad-Hoc|x64.Deploy.0 = Release|x64
		{A0FE48B4-A6D3-40AF-9832-7C808C779684}.Ad-Hoc|x86.ActiveCfg = Release|x86
		{A0FE48B4-A6D3-40AF-9832-7C808C779684}.Ad-Hoc|x86.Build.0 = Release|x86
		{A0FE48B4-A6D3-40AF-9832-7C808C779684}.Ad-Hoc|x86.Deploy.0 = Release|x86
		{A0FE48B4-A6D3-40AF-9832-7C808C779684}.AppStore|Any CPU.ActiveCfg = Release|x86
		{A0FE48B4-A6D3-40AF-9832-7C808C779684}.AppStore|Any CPU.Build.0 = Release|x86
		{A0FE48B4-A6D3-40AF-9832-7C808C779684}.AppStore|Any CPU.Deploy.0 = Release|x86
		{A0FE48B4-A6D3-40AF-9832-7C808C779684}.AppStore|ARM.ActiveCfg = Release|ARM
		{A0FE48B4-A6D3-40AF-9832-7C808C779684}.AppStore|ARM.Build.0 = Release|ARM
		{A0FE48B4-A6D3-40AF-9832-7C808C779684}.AppStore|ARM.Deploy.0 = Release|ARM
		{A0FE48B4-A6D3-40AF-9832-7C808C779684}.AppStore|iPhone.ActiveCfg = Release|x86
		{A0FE48B4-A6D3-40AF-9832-7C808C779684}.AppStore|iPhone.Build.0 = Release|x86
		{A0FE48B4-A6D3-40AF-9832-7C808C779684}.AppStore|iPhone.Deploy.0 = Release|x86
		{A0FE48B4-A6D3-40AF-9832-7C808C779684}.AppStore|iPhoneSimulator.ActiveCfg = Release|x86
		{A0FE48B4-A6D3-40AF-9832-7C808C779684}.AppStore|iPhoneSimulator.Build.0 = Release|x86
		{A0FE48B4-A6D3-40AF-9832-7C808C779684}.AppStore|iPhoneSimulator.Deploy.0 = Release|x86
		{A0FE48B4-A6D3-40AF-9832-7C808C779684}.AppStore|x64.ActiveCfg = Release|x64
		{A0FE48B4-A6D3-40AF-9832-7C808C779684}.AppStore|x64.Build.0 = Release|x64
		{A0FE48B4-A6D3-40AF-9832-7C808C779684}.AppStore|x64.Deploy.0 = Release|x64
		{A0FE48B4-A6D3-40AF-9832-7C808C779684}.AppStore|x86.ActiveCfg = Release|x86
		{A0FE48B4-A6D3-40AF-9832-7C808C779684}.AppStore|x86.Build.0 = Release|x86
		{A0FE48B4-A6D3-40AF-9832-7C808C779684}.AppStore|x86.Deploy.0 = Release|x86
		{A0FE48B4-A6D3-40AF-9832-7C808C779684}.Debug|Any CPU.ActiveCfg = Debug|x86
		{A0FE48B4-A6D3-40AF-9832-7C808C779684}.Debug|ARM.ActiveCfg = Debug|ARM
		{A0FE48B4-A6D3-40AF-9832-7C808C779684}.Debug|ARM.Build.0 = Debug|ARM
		{A0FE48B4-A6D3-40AF-9832-7C808C779684}.Debug|ARM.Deploy.0 = Debug|ARM
		{A0FE48B4-A6D3-40AF-9832-7C808C779684}.Debug|iPhone.ActiveCfg = Debug|x86
		{A0FE48B4-A6D3-40AF-9832-7C808C779684}.Debug|iPhoneSimulator.ActiveCfg = Debug|x86
		{A0FE48B4-A6D3-40AF-9832-7C808C779684}.Debug|x64.ActiveCfg = Debug|x64
		{A0FE48B4-A6D3-40AF-9832-7C808C779684}.Debug|x64.Build.0 = Debug|x64
		{A0FE48B4-A6D3-40AF-9832-7C808C779684}.Debug|x64.Deploy.0 = Debug|x64
		{A0FE48B4-A6D3-40AF-9832-7C808C779684}.Debug|x86.ActiveCfg = Debug|x86
		{A0FE48B4-A6D3-40AF-9832-7C808C779684}.Debug|x86.Build.0 = Debug|x86
		{A0FE48B4-A6D3-40AF-9832-7C808C779684}.Debug|x86.Deploy.0 = Debug|x86
		{A0FE48B4-A6D3-40AF-9832-7C808C779684}.Release|Any CPU.ActiveCfg = Release|x86
		{A0FE48B4-A6D3-40AF-9832-7C808C779684}.Release|ARM.ActiveCfg = Release|ARM
		{A0FE48B4-A6D3-40AF-9832-7C808C779684}.Release|ARM.Build.0 = Release|ARM
		{A0FE48B4-A6D3-40AF-9832-7C808C779684}.Release|ARM.Deploy.0 = Release|ARM
		{A0FE48B4-A6D3-40AF-9832-7C808C779684}.Release|iPhone.ActiveCfg = Release|x86
		{A0FE48B4-A6D3-40AF-9832-7C808C779684}.Release|iPhoneSimulator.ActiveCfg = Release|x86
		{A0FE48B4-A6D3-40AF-9832-7C808C779684}.Release|x64.ActiveCfg = Release|x64
		{A0FE48B4-A6D3-40AF-9832-7C808C779684}.Release|x64.Build.0 = Release|x64
		{A0FE48B4-A6D3-40AF-9832-7C808C779684}.Release|x64.Deploy.0 = Release|x64
		{A0FE48B4-A6D3-40AF-9832-7C808C779684}.Release|x86.ActiveCfg = Release|x86
		{A0FE48B4-A6D3-40AF-9832-7C808C779684}.Release|x86.Build.0 = Release|x86
		{A0FE48B4-A6D3-40AF-9832-7C808C779684}.Release|x86.Deploy.0 = Release|x86
		{6FEAC75D-BD47-4B1C-8373-3BDDE4FFCE14}.Ad-Hoc|Any CPU.ActiveCfg = Release|Any CPU
		{6FEAC75D-BD47-4B1C-8373-3BDDE4FFCE14}.Ad-Hoc|Any CPU.Build.0 = Release|Any CPU
		{6FEAC75D-BD47-4B1C-8373-3BDDE4FFCE14}.Ad-Hoc|ARM.ActiveCfg = Release|Any CPU
		{6FEAC75D-BD47-4B1C-8373-3BDDE4FFCE14}.Ad-Hoc|ARM.Build.0 = Release|Any CPU
		{6FEAC75D-BD47-4B1C-8373-3BDDE4FFCE14}.Ad-Hoc|iPhone.ActiveCfg = Release|Any CPU
		{6FEAC75D-BD47-4B1C-8373-3BDDE4FFCE14}.Ad-Hoc|iPhone.Build.0 = Release|Any CPU
		{6FEAC75D-BD47-4B1C-8373-3BDDE4FFCE14}.Ad-Hoc|iPhoneSimulator.ActiveCfg = Release|Any CPU
		{6FEAC75D-BD47-4B1C-8373-3BDDE4FFCE14}.Ad-Hoc|iPhoneSimulator.Build.0 = Release|Any CPU
		{6FEAC75D-BD47-4B1C-8373-3BDDE4FFCE14}.Ad-Hoc|x64.ActiveCfg = Release|Any CPU
		{6FEAC75D-BD47-4B1C-8373-3BDDE4FFCE14}.Ad-Hoc|x64.Build.0 = Release|Any CPU
		{6FEAC75D-BD47-4B1C-8373-3BDDE4FFCE14}.Ad-Hoc|x86.ActiveCfg = Release|Any CPU
		{6FEAC75D-BD47-4B1C-8373-3BDDE4FFCE14}.Ad-Hoc|x86.Build.0 = Release|Any CPU
		{6FEAC75D-BD47-4B1C-8373-3BDDE4FFCE14}.AppStore|Any CPU.ActiveCfg = Release|Any CPU
		{6FEAC75D-BD47-4B1C-8373-3BDDE4FFCE14}.AppStore|Any CPU.Build.0 = Release|Any CPU
		{6FEAC75D-BD47-4B1C-8373-3BDDE4FFCE14}.AppStore|ARM.ActiveCfg = Release|Any CPU
		{6FEAC75D-BD47-4B1C-8373-3BDDE4FFCE14}.AppStore|ARM.Build.0 = Release|Any CPU
		{6FEAC75D-BD47-4B1C-8373-3BDDE4FFCE14}.AppStore|iPhone.ActiveCfg = Release|Any CPU
		{6FEAC75D-BD47-4B1C-8373-3BDDE4FFCE14}.AppStore|iPhone.Build.0 = Release|Any CPU
		{6FEAC75D-BD47-4B1C-8373-3BDDE4FFCE14}.AppStore|iPhoneSimulator.ActiveCfg = Release|Any CPU
		{6FEAC75D-BD47-4B1C-8373-3BDDE4FFCE14}.AppStore|iPhoneSimulator.Build.0 = Release|Any CPU
		{6FEAC75D-BD47-4B1C-8373-3BDDE4FFCE14}.AppStore|x64.ActiveCfg = Release|Any CPU
		{6FEAC75D-BD47-4B1C-8373-3BDDE4FFCE14}.AppStore|x64.Build.0 = Release|Any CPU
		{6FEAC75D-BD47-4B1C-8373-3BDDE4FFCE14}.AppStore|x86.ActiveCfg = Release|Any CPU
		{6FEAC75D-BD47-4B1C-8373-3BDDE4FFCE14}.AppStore|x86.Build.0 = Release|Any CPU
		{6FEAC75D-BD47-4B1C-8373-3BDDE4FFCE14}.Debug|Any CPU.ActiveCfg = Debug|Any CPU
		{6FEAC75D-BD47-4B1C-8373-3BDDE4FFCE14}.Debug|Any CPU.Build.0 = Debug|Any CPU
		{6FEAC75D-BD47-4B1C-8373-3BDDE4FFCE14}.Debug|ARM.ActiveCfg = Debug|Any CPU
		{6FEAC75D-BD47-4B1C-8373-3BDDE4FFCE14}.Debug|ARM.Build.0 = Debug|Any CPU
		{6FEAC75D-BD47-4B1C-8373-3BDDE4FFCE14}.Debug|iPhone.ActiveCfg = Debug|Any CPU
		{6FEAC75D-BD47-4B1C-8373-3BDDE4FFCE14}.Debug|iPhone.Build.0 = Debug|Any CPU
		{6FEAC75D-BD47-4B1C-8373-3BDDE4FFCE14}.Debug|iPhoneSimulator.ActiveCfg = Debug|Any CPU
		{6FEAC75D-BD47-4B1C-8373-3BDDE4FFCE14}.Debug|iPhoneSimulator.Build.0 = Debug|Any CPU
		{6FEAC75D-BD47-4B1C-8373-3BDDE4FFCE14}.Debug|x64.ActiveCfg = Debug|Any CPU
		{6FEAC75D-BD47-4B1C-8373-3BDDE4FFCE14}.Debug|x64.Build.0 = Debug|Any CPU
		{6FEAC75D-BD47-4B1C-8373-3BDDE4FFCE14}.Debug|x86.ActiveCfg = Debug|Any CPU
		{6FEAC75D-BD47-4B1C-8373-3BDDE4FFCE14}.Debug|x86.Build.0 = Debug|Any CPU
		{6FEAC75D-BD47-4B1C-8373-3BDDE4FFCE14}.Release|Any CPU.ActiveCfg = Release|Any CPU
		{6FEAC75D-BD47-4B1C-8373-3BDDE4FFCE14}.Release|Any CPU.Build.0 = Release|Any CPU
		{6FEAC75D-BD47-4B1C-8373-3BDDE4FFCE14}.Release|ARM.ActiveCfg = Release|Any CPU
		{6FEAC75D-BD47-4B1C-8373-3BDDE4FFCE14}.Release|ARM.Build.0 = Release|Any CPU
		{6FEAC75D-BD47-4B1C-8373-3BDDE4FFCE14}.Release|iPhone.ActiveCfg = Release|Any CPU
		{6FEAC75D-BD47-4B1C-8373-3BDDE4FFCE14}.Release|iPhone.Build.0 = Release|Any CPU
		{6FEAC75D-BD47-4B1C-8373-3BDDE4FFCE14}.Release|iPhoneSimulator.ActiveCfg = Release|Any CPU
		{6FEAC75D-BD47-4B1C-8373-3BDDE4FFCE14}.Release|iPhoneSimulator.Build.0 = Release|Any CPU
		{6FEAC75D-BD47-4B1C-8373-3BDDE4FFCE14}.Release|x64.ActiveCfg = Release|Any CPU
		{6FEAC75D-BD47-4B1C-8373-3BDDE4FFCE14}.Release|x64.Build.0 = Release|Any CPU
		{6FEAC75D-BD47-4B1C-8373-3BDDE4FFCE14}.Release|x86.ActiveCfg = Release|Any CPU
		{6FEAC75D-BD47-4B1C-8373-3BDDE4FFCE14}.Release|x86.Build.0 = Release|Any CPU
		{D288984F-9B70-4C0A-B0DC-0F3DA95209F0}.Ad-Hoc|Any CPU.ActiveCfg = Release|Any CPU
		{D288984F-9B70-4C0A-B0DC-0F3DA95209F0}.Ad-Hoc|Any CPU.Build.0 = Release|Any CPU
		{D288984F-9B70-4C0A-B0DC-0F3DA95209F0}.Ad-Hoc|ARM.ActiveCfg = Release|Any CPU
		{D288984F-9B70-4C0A-B0DC-0F3DA95209F0}.Ad-Hoc|ARM.Build.0 = Release|Any CPU
		{D288984F-9B70-4C0A-B0DC-0F3DA95209F0}.Ad-Hoc|iPhone.ActiveCfg = Release|Any CPU
		{D288984F-9B70-4C0A-B0DC-0F3DA95209F0}.Ad-Hoc|iPhone.Build.0 = Release|Any CPU
		{D288984F-9B70-4C0A-B0DC-0F3DA95209F0}.Ad-Hoc|iPhoneSimulator.ActiveCfg = Release|Any CPU
		{D288984F-9B70-4C0A-B0DC-0F3DA95209F0}.Ad-Hoc|iPhoneSimulator.Build.0 = Release|Any CPU
		{D288984F-9B70-4C0A-B0DC-0F3DA95209F0}.Ad-Hoc|x64.ActiveCfg = Release|Any CPU
		{D288984F-9B70-4C0A-B0DC-0F3DA95209F0}.Ad-Hoc|x64.Build.0 = Release|Any CPU
		{D288984F-9B70-4C0A-B0DC-0F3DA95209F0}.Ad-Hoc|x86.ActiveCfg = Release|Any CPU
		{D288984F-9B70-4C0A-B0DC-0F3DA95209F0}.Ad-Hoc|x86.Build.0 = Release|Any CPU
		{D288984F-9B70-4C0A-B0DC-0F3DA95209F0}.AppStore|Any CPU.ActiveCfg = Release|Any CPU
		{D288984F-9B70-4C0A-B0DC-0F3DA95209F0}.AppStore|Any CPU.Build.0 = Release|Any CPU
		{D288984F-9B70-4C0A-B0DC-0F3DA95209F0}.AppStore|ARM.ActiveCfg = Release|Any CPU
		{D288984F-9B70-4C0A-B0DC-0F3DA95209F0}.AppStore|ARM.Build.0 = Release|Any CPU
		{D288984F-9B70-4C0A-B0DC-0F3DA95209F0}.AppStore|iPhone.ActiveCfg = Release|Any CPU
		{D288984F-9B70-4C0A-B0DC-0F3DA95209F0}.AppStore|iPhone.Build.0 = Release|Any CPU
		{D288984F-9B70-4C0A-B0DC-0F3DA95209F0}.AppStore|iPhoneSimulator.ActiveCfg = Release|Any CPU
		{D288984F-9B70-4C0A-B0DC-0F3DA95209F0}.AppStore|iPhoneSimulator.Build.0 = Release|Any CPU
		{D288984F-9B70-4C0A-B0DC-0F3DA95209F0}.AppStore|x64.ActiveCfg = Release|Any CPU
		{D288984F-9B70-4C0A-B0DC-0F3DA95209F0}.AppStore|x64.Build.0 = Release|Any CPU
		{D288984F-9B70-4C0A-B0DC-0F3DA95209F0}.AppStore|x86.ActiveCfg = Release|Any CPU
		{D288984F-9B70-4C0A-B0DC-0F3DA95209F0}.AppStore|x86.Build.0 = Release|Any CPU
		{D288984F-9B70-4C0A-B0DC-0F3DA95209F0}.Debug|Any CPU.ActiveCfg = Debug|Any CPU
		{D288984F-9B70-4C0A-B0DC-0F3DA95209F0}.Debug|Any CPU.Build.0 = Debug|Any CPU
		{D288984F-9B70-4C0A-B0DC-0F3DA95209F0}.Debug|ARM.ActiveCfg = Debug|Any CPU
		{D288984F-9B70-4C0A-B0DC-0F3DA95209F0}.Debug|ARM.Build.0 = Debug|Any CPU
		{D288984F-9B70-4C0A-B0DC-0F3DA95209F0}.Debug|iPhone.ActiveCfg = Debug|Any CPU
		{D288984F-9B70-4C0A-B0DC-0F3DA95209F0}.Debug|iPhone.Build.0 = Debug|Any CPU
		{D288984F-9B70-4C0A-B0DC-0F3DA95209F0}.Debug|iPhoneSimulator.ActiveCfg = Debug|Any CPU
		{D288984F-9B70-4C0A-B0DC-0F3DA95209F0}.Debug|iPhoneSimulator.Build.0 = Debug|Any CPU
		{D288984F-9B70-4C0A-B0DC-0F3DA95209F0}.Debug|x64.ActiveCfg = Debug|Any CPU
		{D288984F-9B70-4C0A-B0DC-0F3DA95209F0}.Debug|x64.Build.0 = Debug|Any CPU
		{D288984F-9B70-4C0A-B0DC-0F3DA95209F0}.Debug|x86.ActiveCfg = Debug|Any CPU
		{D288984F-9B70-4C0A-B0DC-0F3DA95209F0}.Debug|x86.Build.0 = Debug|Any CPU
		{D288984F-9B70-4C0A-B0DC-0F3DA95209F0}.Release|Any CPU.ActiveCfg = Release|Any CPU
		{D288984F-9B70-4C0A-B0DC-0F3DA95209F0}.Release|Any CPU.Build.0 = Release|Any CPU
		{D288984F-9B70-4C0A-B0DC-0F3DA95209F0}.Release|ARM.ActiveCfg = Release|Any CPU
		{D288984F-9B70-4C0A-B0DC-0F3DA95209F0}.Release|ARM.Build.0 = Release|Any CPU
		{D288984F-9B70-4C0A-B0DC-0F3DA95209F0}.Release|iPhone.ActiveCfg = Release|Any CPU
		{D288984F-9B70-4C0A-B0DC-0F3DA95209F0}.Release|iPhone.Build.0 = Release|Any CPU
		{D288984F-9B70-4C0A-B0DC-0F3DA95209F0}.Release|iPhoneSimulator.ActiveCfg = Release|Any CPU
		{D288984F-9B70-4C0A-B0DC-0F3DA95209F0}.Release|iPhoneSimulator.Build.0 = Release|Any CPU
		{D288984F-9B70-4C0A-B0DC-0F3DA95209F0}.Release|x64.ActiveCfg = Release|Any CPU
		{D288984F-9B70-4C0A-B0DC-0F3DA95209F0}.Release|x64.Build.0 = Release|Any CPU
		{D288984F-9B70-4C0A-B0DC-0F3DA95209F0}.Release|x86.ActiveCfg = Release|Any CPU
		{D288984F-9B70-4C0A-B0DC-0F3DA95209F0}.Release|x86.Build.0 = Release|Any CPU
		{0ABFD5B1-80E9-41FE-8BF9-BA03B12089D2}.Ad-Hoc|Any CPU.ActiveCfg = Release|Any CPU
		{0ABFD5B1-80E9-41FE-8BF9-BA03B12089D2}.Ad-Hoc|Any CPU.Build.0 = Release|Any CPU
		{0ABFD5B1-80E9-41FE-8BF9-BA03B12089D2}.Ad-Hoc|ARM.ActiveCfg = Release|Any CPU
		{0ABFD5B1-80E9-41FE-8BF9-BA03B12089D2}.Ad-Hoc|ARM.Build.0 = Release|Any CPU
		{0ABFD5B1-80E9-41FE-8BF9-BA03B12089D2}.Ad-Hoc|iPhone.ActiveCfg = Release|Any CPU
		{0ABFD5B1-80E9-41FE-8BF9-BA03B12089D2}.Ad-Hoc|iPhone.Build.0 = Release|Any CPU
		{0ABFD5B1-80E9-41FE-8BF9-BA03B12089D2}.Ad-Hoc|iPhoneSimulator.ActiveCfg = Release|Any CPU
		{0ABFD5B1-80E9-41FE-8BF9-BA03B12089D2}.Ad-Hoc|iPhoneSimulator.Build.0 = Release|Any CPU
		{0ABFD5B1-80E9-41FE-8BF9-BA03B12089D2}.Ad-Hoc|x64.ActiveCfg = Release|Any CPU
		{0ABFD5B1-80E9-41FE-8BF9-BA03B12089D2}.Ad-Hoc|x64.Build.0 = Release|Any CPU
		{0ABFD5B1-80E9-41FE-8BF9-BA03B12089D2}.Ad-Hoc|x86.ActiveCfg = Release|Any CPU
		{0ABFD5B1-80E9-41FE-8BF9-BA03B12089D2}.Ad-Hoc|x86.Build.0 = Release|Any CPU
		{0ABFD5B1-80E9-41FE-8BF9-BA03B12089D2}.AppStore|Any CPU.ActiveCfg = Release|Any CPU
		{0ABFD5B1-80E9-41FE-8BF9-BA03B12089D2}.AppStore|Any CPU.Build.0 = Release|Any CPU
		{0ABFD5B1-80E9-41FE-8BF9-BA03B12089D2}.AppStore|ARM.ActiveCfg = Release|Any CPU
		{0ABFD5B1-80E9-41FE-8BF9-BA03B12089D2}.AppStore|ARM.Build.0 = Release|Any CPU
		{0ABFD5B1-80E9-41FE-8BF9-BA03B12089D2}.AppStore|iPhone.ActiveCfg = Release|Any CPU
		{0ABFD5B1-80E9-41FE-8BF9-BA03B12089D2}.AppStore|iPhone.Build.0 = Release|Any CPU
		{0ABFD5B1-80E9-41FE-8BF9-BA03B12089D2}.AppStore|iPhoneSimulator.ActiveCfg = Release|Any CPU
		{0ABFD5B1-80E9-41FE-8BF9-BA03B12089D2}.AppStore|iPhoneSimulator.Build.0 = Release|Any CPU
		{0ABFD5B1-80E9-41FE-8BF9-BA03B12089D2}.AppStore|x64.ActiveCfg = Release|Any CPU
		{0ABFD5B1-80E9-41FE-8BF9-BA03B12089D2}.AppStore|x64.Build.0 = Release|Any CPU
		{0ABFD5B1-80E9-41FE-8BF9-BA03B12089D2}.AppStore|x86.ActiveCfg = Release|Any CPU
		{0ABFD5B1-80E9-41FE-8BF9-BA03B12089D2}.AppStore|x86.Build.0 = Release|Any CPU
		{0ABFD5B1-80E9-41FE-8BF9-BA03B12089D2}.Debug|Any CPU.ActiveCfg = Debug|Any CPU
		{0ABFD5B1-80E9-41FE-8BF9-BA03B12089D2}.Debug|Any CPU.Build.0 = Debug|Any CPU
		{0ABFD5B1-80E9-41FE-8BF9-BA03B12089D2}.Debug|Any CPU.Deploy.0 = Debug|Any CPU
		{0ABFD5B1-80E9-41FE-8BF9-BA03B12089D2}.Debug|ARM.ActiveCfg = Debug|Any CPU
		{0ABFD5B1-80E9-41FE-8BF9-BA03B12089D2}.Debug|ARM.Build.0 = Debug|Any CPU
		{0ABFD5B1-80E9-41FE-8BF9-BA03B12089D2}.Debug|iPhone.ActiveCfg = Debug|Any CPU
		{0ABFD5B1-80E9-41FE-8BF9-BA03B12089D2}.Debug|iPhone.Build.0 = Debug|Any CPU
		{0ABFD5B1-80E9-41FE-8BF9-BA03B12089D2}.Debug|iPhoneSimulator.ActiveCfg = Debug|Any CPU
		{0ABFD5B1-80E9-41FE-8BF9-BA03B12089D2}.Debug|iPhoneSimulator.Build.0 = Debug|Any CPU
		{0ABFD5B1-80E9-41FE-8BF9-BA03B12089D2}.Debug|x64.ActiveCfg = Debug|Any CPU
		{0ABFD5B1-80E9-41FE-8BF9-BA03B12089D2}.Debug|x64.Build.0 = Debug|Any CPU
		{0ABFD5B1-80E9-41FE-8BF9-BA03B12089D2}.Debug|x86.ActiveCfg = Debug|Any CPU
		{0ABFD5B1-80E9-41FE-8BF9-BA03B12089D2}.Debug|x86.Build.0 = Debug|Any CPU
		{0ABFD5B1-80E9-41FE-8BF9-BA03B12089D2}.Release|Any CPU.ActiveCfg = Release|Any CPU
		{0ABFD5B1-80E9-41FE-8BF9-BA03B12089D2}.Release|Any CPU.Build.0 = Release|Any CPU
		{0ABFD5B1-80E9-41FE-8BF9-BA03B12089D2}.Release|Any CPU.Deploy.0 = Release|Any CPU
		{0ABFD5B1-80E9-41FE-8BF9-BA03B12089D2}.Release|ARM.ActiveCfg = Release|Any CPU
		{0ABFD5B1-80E9-41FE-8BF9-BA03B12089D2}.Release|ARM.Build.0 = Release|Any CPU
		{0ABFD5B1-80E9-41FE-8BF9-BA03B12089D2}.Release|iPhone.ActiveCfg = Release|Any CPU
		{0ABFD5B1-80E9-41FE-8BF9-BA03B12089D2}.Release|iPhone.Build.0 = Release|Any CPU
		{0ABFD5B1-80E9-41FE-8BF9-BA03B12089D2}.Release|iPhoneSimulator.ActiveCfg = Release|Any CPU
		{0ABFD5B1-80E9-41FE-8BF9-BA03B12089D2}.Release|iPhoneSimulator.Build.0 = Release|Any CPU
		{0ABFD5B1-80E9-41FE-8BF9-BA03B12089D2}.Release|x64.ActiveCfg = Release|Any CPU
		{0ABFD5B1-80E9-41FE-8BF9-BA03B12089D2}.Release|x64.Build.0 = Release|Any CPU
		{0ABFD5B1-80E9-41FE-8BF9-BA03B12089D2}.Release|x86.ActiveCfg = Release|Any CPU
		{0ABFD5B1-80E9-41FE-8BF9-BA03B12089D2}.Release|x86.Build.0 = Release|Any CPU
		{8ADED0A1-3EFB-4314-9561-7738F3ED776C}.Ad-Hoc|Any CPU.ActiveCfg = Release|Any CPU
		{8ADED0A1-3EFB-4314-9561-7738F3ED776C}.Ad-Hoc|Any CPU.Build.0 = Release|Any CPU
		{8ADED0A1-3EFB-4314-9561-7738F3ED776C}.Ad-Hoc|ARM.ActiveCfg = Release|Any CPU
		{8ADED0A1-3EFB-4314-9561-7738F3ED776C}.Ad-Hoc|ARM.Build.0 = Release|Any CPU
		{8ADED0A1-3EFB-4314-9561-7738F3ED776C}.Ad-Hoc|iPhone.ActiveCfg = Release|Any CPU
		{8ADED0A1-3EFB-4314-9561-7738F3ED776C}.Ad-Hoc|iPhone.Build.0 = Release|Any CPU
		{8ADED0A1-3EFB-4314-9561-7738F3ED776C}.Ad-Hoc|iPhoneSimulator.ActiveCfg = Release|Any CPU
		{8ADED0A1-3EFB-4314-9561-7738F3ED776C}.Ad-Hoc|iPhoneSimulator.Build.0 = Release|Any CPU
		{8ADED0A1-3EFB-4314-9561-7738F3ED776C}.Ad-Hoc|x64.ActiveCfg = Release|Any CPU
		{8ADED0A1-3EFB-4314-9561-7738F3ED776C}.Ad-Hoc|x64.Build.0 = Release|Any CPU
		{8ADED0A1-3EFB-4314-9561-7738F3ED776C}.Ad-Hoc|x86.ActiveCfg = Release|Any CPU
		{8ADED0A1-3EFB-4314-9561-7738F3ED776C}.Ad-Hoc|x86.Build.0 = Release|Any CPU
		{8ADED0A1-3EFB-4314-9561-7738F3ED776C}.AppStore|Any CPU.ActiveCfg = Release|Any CPU
		{8ADED0A1-3EFB-4314-9561-7738F3ED776C}.AppStore|Any CPU.Build.0 = Release|Any CPU
		{8ADED0A1-3EFB-4314-9561-7738F3ED776C}.AppStore|ARM.ActiveCfg = Release|Any CPU
		{8ADED0A1-3EFB-4314-9561-7738F3ED776C}.AppStore|ARM.Build.0 = Release|Any CPU
		{8ADED0A1-3EFB-4314-9561-7738F3ED776C}.AppStore|iPhone.ActiveCfg = Release|Any CPU
		{8ADED0A1-3EFB-4314-9561-7738F3ED776C}.AppStore|iPhone.Build.0 = Release|Any CPU
		{8ADED0A1-3EFB-4314-9561-7738F3ED776C}.AppStore|iPhoneSimulator.ActiveCfg = Release|Any CPU
		{8ADED0A1-3EFB-4314-9561-7738F3ED776C}.AppStore|iPhoneSimulator.Build.0 = Release|Any CPU
		{8ADED0A1-3EFB-4314-9561-7738F3ED776C}.AppStore|x64.ActiveCfg = Release|Any CPU
		{8ADED0A1-3EFB-4314-9561-7738F3ED776C}.AppStore|x64.Build.0 = Release|Any CPU
		{8ADED0A1-3EFB-4314-9561-7738F3ED776C}.AppStore|x86.ActiveCfg = Release|Any CPU
		{8ADED0A1-3EFB-4314-9561-7738F3ED776C}.AppStore|x86.Build.0 = Release|Any CPU
		{8ADED0A1-3EFB-4314-9561-7738F3ED776C}.Debug|Any CPU.ActiveCfg = Debug|Any CPU
		{8ADED0A1-3EFB-4314-9561-7738F3ED776C}.Debug|Any CPU.Build.0 = Debug|Any CPU
		{8ADED0A1-3EFB-4314-9561-7738F3ED776C}.Debug|ARM.ActiveCfg = Debug|Any CPU
		{8ADED0A1-3EFB-4314-9561-7738F3ED776C}.Debug|ARM.Build.0 = Debug|Any CPU
		{8ADED0A1-3EFB-4314-9561-7738F3ED776C}.Debug|iPhone.ActiveCfg = Debug|Any CPU
		{8ADED0A1-3EFB-4314-9561-7738F3ED776C}.Debug|iPhone.Build.0 = Debug|Any CPU
		{8ADED0A1-3EFB-4314-9561-7738F3ED776C}.Debug|iPhoneSimulator.ActiveCfg = Debug|Any CPU
		{8ADED0A1-3EFB-4314-9561-7738F3ED776C}.Debug|iPhoneSimulator.Build.0 = Debug|Any CPU
		{8ADED0A1-3EFB-4314-9561-7738F3ED776C}.Debug|x64.ActiveCfg = Debug|Any CPU
		{8ADED0A1-3EFB-4314-9561-7738F3ED776C}.Debug|x64.Build.0 = Debug|Any CPU
		{8ADED0A1-3EFB-4314-9561-7738F3ED776C}.Debug|x86.ActiveCfg = Debug|Any CPU
		{8ADED0A1-3EFB-4314-9561-7738F3ED776C}.Debug|x86.Build.0 = Debug|Any CPU
		{8ADED0A1-3EFB-4314-9561-7738F3ED776C}.Release|Any CPU.ActiveCfg = Release|Any CPU
		{8ADED0A1-3EFB-4314-9561-7738F3ED776C}.Release|Any CPU.Build.0 = Release|Any CPU
		{8ADED0A1-3EFB-4314-9561-7738F3ED776C}.Release|ARM.ActiveCfg = Release|Any CPU
		{8ADED0A1-3EFB-4314-9561-7738F3ED776C}.Release|ARM.Build.0 = Release|Any CPU
		{8ADED0A1-3EFB-4314-9561-7738F3ED776C}.Release|iPhone.ActiveCfg = Release|Any CPU
		{8ADED0A1-3EFB-4314-9561-7738F3ED776C}.Release|iPhone.Build.0 = Release|Any CPU
		{8ADED0A1-3EFB-4314-9561-7738F3ED776C}.Release|iPhoneSimulator.ActiveCfg = Release|Any CPU
		{8ADED0A1-3EFB-4314-9561-7738F3ED776C}.Release|iPhoneSimulator.Build.0 = Release|Any CPU
		{8ADED0A1-3EFB-4314-9561-7738F3ED776C}.Release|x64.ActiveCfg = Release|Any CPU
		{8ADED0A1-3EFB-4314-9561-7738F3ED776C}.Release|x64.Build.0 = Release|Any CPU
		{8ADED0A1-3EFB-4314-9561-7738F3ED776C}.Release|x86.ActiveCfg = Release|Any CPU
		{8ADED0A1-3EFB-4314-9561-7738F3ED776C}.Release|x86.Build.0 = Release|Any CPU
		{75DBFD5B-AE2D-41EB-AE33-EFD8E33A2572}.Ad-Hoc|Any CPU.ActiveCfg = Release|x64
		{75DBFD5B-AE2D-41EB-AE33-EFD8E33A2572}.Ad-Hoc|Any CPU.Build.0 = Release|x64
		{75DBFD5B-AE2D-41EB-AE33-EFD8E33A2572}.Ad-Hoc|Any CPU.Deploy.0 = Release|x64
		{75DBFD5B-AE2D-41EB-AE33-EFD8E33A2572}.Ad-Hoc|ARM.ActiveCfg = Release|ARM
		{75DBFD5B-AE2D-41EB-AE33-EFD8E33A2572}.Ad-Hoc|ARM.Build.0 = Release|ARM
		{75DBFD5B-AE2D-41EB-AE33-EFD8E33A2572}.Ad-Hoc|ARM.Deploy.0 = Release|ARM
		{75DBFD5B-AE2D-41EB-AE33-EFD8E33A2572}.Ad-Hoc|ARM64.ActiveCfg = Release|ARM64
		{75DBFD5B-AE2D-41EB-AE33-EFD8E33A2572}.Ad-Hoc|ARM64.Build.0 = Release|ARM64
		{75DBFD5B-AE2D-41EB-AE33-EFD8E33A2572}.Ad-Hoc|ARM64.Deploy.0 = Release|ARM64
		{75DBFD5B-AE2D-41EB-AE33-EFD8E33A2572}.Ad-Hoc|iPhone.ActiveCfg = Release|x64
		{75DBFD5B-AE2D-41EB-AE33-EFD8E33A2572}.Ad-Hoc|iPhone.Build.0 = Release|x64
		{75DBFD5B-AE2D-41EB-AE33-EFD8E33A2572}.Ad-Hoc|iPhone.Deploy.0 = Release|x64
		{75DBFD5B-AE2D-41EB-AE33-EFD8E33A2572}.Ad-Hoc|iPhoneSimulator.ActiveCfg = Release|x64
		{75DBFD5B-AE2D-41EB-AE33-EFD8E33A2572}.Ad-Hoc|iPhoneSimulator.Build.0 = Release|x64
		{75DBFD5B-AE2D-41EB-AE33-EFD8E33A2572}.Ad-Hoc|iPhoneSimulator.Deploy.0 = Release|x64
		{75DBFD5B-AE2D-41EB-AE33-EFD8E33A2572}.Ad-Hoc|x64.ActiveCfg = Release|x64
		{75DBFD5B-AE2D-41EB-AE33-EFD8E33A2572}.Ad-Hoc|x64.Build.0 = Release|x64
		{75DBFD5B-AE2D-41EB-AE33-EFD8E33A2572}.Ad-Hoc|x64.Deploy.0 = Release|x64
		{75DBFD5B-AE2D-41EB-AE33-EFD8E33A2572}.Ad-Hoc|x86.ActiveCfg = Release|x86
		{75DBFD5B-AE2D-41EB-AE33-EFD8E33A2572}.Ad-Hoc|x86.Build.0 = Release|x86
		{75DBFD5B-AE2D-41EB-AE33-EFD8E33A2572}.Ad-Hoc|x86.Deploy.0 = Release|x86
		{75DBFD5B-AE2D-41EB-AE33-EFD8E33A2572}.AppStore|Any CPU.ActiveCfg = Release|x64
		{75DBFD5B-AE2D-41EB-AE33-EFD8E33A2572}.AppStore|Any CPU.Build.0 = Release|x64
		{75DBFD5B-AE2D-41EB-AE33-EFD8E33A2572}.AppStore|Any CPU.Deploy.0 = Release|x64
		{75DBFD5B-AE2D-41EB-AE33-EFD8E33A2572}.AppStore|ARM.ActiveCfg = Release|ARM
		{75DBFD5B-AE2D-41EB-AE33-EFD8E33A2572}.AppStore|ARM.Build.0 = Release|ARM
		{75DBFD5B-AE2D-41EB-AE33-EFD8E33A2572}.AppStore|ARM.Deploy.0 = Release|ARM
		{75DBFD5B-AE2D-41EB-AE33-EFD8E33A2572}.AppStore|ARM64.ActiveCfg = Release|ARM64
		{75DBFD5B-AE2D-41EB-AE33-EFD8E33A2572}.AppStore|ARM64.Build.0 = Release|ARM64
		{75DBFD5B-AE2D-41EB-AE33-EFD8E33A2572}.AppStore|ARM64.Deploy.0 = Release|ARM64
		{75DBFD5B-AE2D-41EB-AE33-EFD8E33A2572}.AppStore|iPhone.ActiveCfg = Release|x64
		{75DBFD5B-AE2D-41EB-AE33-EFD8E33A2572}.AppStore|iPhone.Build.0 = Release|x64
		{75DBFD5B-AE2D-41EB-AE33-EFD8E33A2572}.AppStore|iPhone.Deploy.0 = Release|x64
		{75DBFD5B-AE2D-41EB-AE33-EFD8E33A2572}.AppStore|iPhoneSimulator.ActiveCfg = Release|x64
		{75DBFD5B-AE2D-41EB-AE33-EFD8E33A2572}.AppStore|iPhoneSimulator.Build.0 = Release|x64
		{75DBFD5B-AE2D-41EB-AE33-EFD8E33A2572}.AppStore|iPhoneSimulator.Deploy.0 = Release|x64
		{75DBFD5B-AE2D-41EB-AE33-EFD8E33A2572}.AppStore|x64.ActiveCfg = Release|x64
		{75DBFD5B-AE2D-41EB-AE33-EFD8E33A2572}.AppStore|x64.Build.0 = Release|x64
		{75DBFD5B-AE2D-41EB-AE33-EFD8E33A2572}.AppStore|x64.Deploy.0 = Release|x64
		{75DBFD5B-AE2D-41EB-AE33-EFD8E33A2572}.AppStore|x86.ActiveCfg = Release|x86
		{75DBFD5B-AE2D-41EB-AE33-EFD8E33A2572}.AppStore|x86.Build.0 = Release|x86
		{75DBFD5B-AE2D-41EB-AE33-EFD8E33A2572}.AppStore|x86.Deploy.0 = Release|x86
		{75DBFD5B-AE2D-41EB-AE33-EFD8E33A2572}.Debug|Any CPU.ActiveCfg = Debug|x86
		{75DBFD5B-AE2D-41EB-AE33-EFD8E33A2572}.Debug|ARM.ActiveCfg = Debug|ARM
		{75DBFD5B-AE2D-41EB-AE33-EFD8E33A2572}.Debug|ARM.Build.0 = Debug|ARM
		{75DBFD5B-AE2D-41EB-AE33-EFD8E33A2572}.Debug|ARM.Deploy.0 = Debug|ARM
		{75DBFD5B-AE2D-41EB-AE33-EFD8E33A2572}.Debug|ARM64.ActiveCfg = Debug|ARM64
		{75DBFD5B-AE2D-41EB-AE33-EFD8E33A2572}.Debug|ARM64.Build.0 = Debug|ARM64
		{75DBFD5B-AE2D-41EB-AE33-EFD8E33A2572}.Debug|ARM64.Deploy.0 = Debug|ARM64
		{75DBFD5B-AE2D-41EB-AE33-EFD8E33A2572}.Debug|iPhone.ActiveCfg = Debug|x86
		{75DBFD5B-AE2D-41EB-AE33-EFD8E33A2572}.Debug|iPhoneSimulator.ActiveCfg = Debug|x86
		{75DBFD5B-AE2D-41EB-AE33-EFD8E33A2572}.Debug|x64.ActiveCfg = Debug|x64
		{75DBFD5B-AE2D-41EB-AE33-EFD8E33A2572}.Debug|x64.Build.0 = Debug|x64
		{75DBFD5B-AE2D-41EB-AE33-EFD8E33A2572}.Debug|x64.Deploy.0 = Debug|x64
		{75DBFD5B-AE2D-41EB-AE33-EFD8E33A2572}.Debug|x86.ActiveCfg = Debug|x86
		{75DBFD5B-AE2D-41EB-AE33-EFD8E33A2572}.Debug|x86.Build.0 = Debug|x86
		{75DBFD5B-AE2D-41EB-AE33-EFD8E33A2572}.Debug|x86.Deploy.0 = Debug|x86
		{75DBFD5B-AE2D-41EB-AE33-EFD8E33A2572}.Release|Any CPU.ActiveCfg = Release|x86
		{75DBFD5B-AE2D-41EB-AE33-EFD8E33A2572}.Release|ARM.ActiveCfg = Release|ARM
		{75DBFD5B-AE2D-41EB-AE33-EFD8E33A2572}.Release|ARM.Build.0 = Release|ARM
		{75DBFD5B-AE2D-41EB-AE33-EFD8E33A2572}.Release|ARM.Deploy.0 = Release|ARM
		{75DBFD5B-AE2D-41EB-AE33-EFD8E33A2572}.Release|ARM64.ActiveCfg = Release|ARM64
		{75DBFD5B-AE2D-41EB-AE33-EFD8E33A2572}.Release|ARM64.Build.0 = Release|ARM64
		{75DBFD5B-AE2D-41EB-AE33-EFD8E33A2572}.Release|ARM64.Deploy.0 = Release|ARM64
		{75DBFD5B-AE2D-41EB-AE33-EFD8E33A2572}.Release|iPhone.ActiveCfg = Release|x86
		{75DBFD5B-AE2D-41EB-AE33-EFD8E33A2572}.Release|iPhoneSimulator.ActiveCfg = Release|x86
		{75DBFD5B-AE2D-41EB-AE33-EFD8E33A2572}.Release|x64.ActiveCfg = Release|x64
		{75DBFD5B-AE2D-41EB-AE33-EFD8E33A2572}.Release|x64.Build.0 = Release|x64
		{75DBFD5B-AE2D-41EB-AE33-EFD8E33A2572}.Release|x64.Deploy.0 = Release|x64
		{75DBFD5B-AE2D-41EB-AE33-EFD8E33A2572}.Release|x86.ActiveCfg = Release|x86
		{75DBFD5B-AE2D-41EB-AE33-EFD8E33A2572}.Release|x86.Build.0 = Release|x86
		{75DBFD5B-AE2D-41EB-AE33-EFD8E33A2572}.Release|x86.Deploy.0 = Release|x86
	EndGlobalSection
	GlobalSection(SolutionProperties) = preSolution
		HideSolutionNode = FALSE
	EndGlobalSection
	GlobalSection(ExtensibilityGlobals) = postSolution
		SolutionGuid = {F6D05029-56B8-4E45-AF2D-0E76295DDBA2}
	EndGlobalSection
EndGlobal
